
Microsoft Visual Studio Solution File, Format Version 12.00
# Visual Studio Version 16
VisualStudioVersion = 16.0.31205.134
MinimumVisualStudioVersion = 10.0.40219.1
Project("{FAE04EC0-301F-11D3-BF4B-00C04F79EFBC}") = "Moving App Form Version.Android", "Moving App Form Version\Moving App Form Version.Android\Moving App Form Version.Android.csproj", "{BAE3E99A-FD9F-479A-A30E-D33480047E65}"
EndProject
Project("{FAE04EC0-301F-11D3-BF4B-00C04F79EFBC}") = "Moving App Form Version.iOS", "Moving App Form Version\Moving App Form Version.iOS\Moving App Form Version.iOS.csproj", "{30363948-0048-441D-91CC-44E7198AE4B6}"
EndProject
Project("{FAE04EC0-301F-11D3-BF4B-00C04F79EFBC}") = "Moving App Form Version", "Moving App Form Version\Moving App Form Version\Moving App Form Version.csproj", "{B9432CE3-5200-4595-A84B-D202AA354A5E}"
EndProject
Global
	GlobalSection(SolutionConfigurationPlatforms) = preSolution
		Debug|Any CPU = Debug|Any CPU
		Debug|iPhone = Debug|iPhone
		Debug|iPhoneSimulator = Debug|iPhoneSimulator
		Release|Any CPU = Release|Any CPU
		Release|iPhone = Release|iPhone
		Release|iPhoneSimulator = Release|iPhoneSimulator
	EndGlobalSection
	GlobalSection(ProjectConfigurationPlatforms) = postSolution
		{BAE3E99A-FD9F-479A-A30E-D33480047E65}.Debug|Any CPU.ActiveCfg = Debug|Any CPU
		{BAE3E99A-FD9F-479A-A30E-D33480047E65}.Debug|Any CPU.Build.0 = Debug|Any CPU
		{BAE3E99A-FD9F-479A-A30E-D33480047E65}.Debug|Any CPU.Deploy.0 = Debug|Any CPU
		{BAE3E99A-FD9F-479A-A30E-D33480047E65}.Debug|iPhone.ActiveCfg = Debug|Any CPU
		{BAE3E99A-FD9F-479A-A30E-D33480047E65}.Debug|iPhone.Build.0 = Debug|Any CPU
		{BAE3E99A-FD9F-479A-A30E-D33480047E65}.Debug|iPhone.Deploy.0 = Debug|Any CPU
		{BAE3E99A-FD9F-479A-A30E-D33480047E65}.Debug|iPhoneSimulator.ActiveCfg = Debug|Any CPU
		{BAE3E99A-FD9F-479A-A30E-D33480047E65}.Debug|iPhoneSimulator.Build.0 = Debug|Any CPU
		{BAE3E99A-FD9F-479A-A30E-D33480047E65}.Debug|iPhoneSimulator.Deploy.0 = Debug|Any CPU
		{BAE3E99A-FD9F-479A-A30E-D33480047E65}.Release|Any CPU.ActiveCfg = Release|Any CPU
		{BAE3E99A-FD9F-479A-A30E-D33480047E65}.Release|Any CPU.Build.0 = Release|Any CPU
		{BAE3E99A-FD9F-479A-A30E-D33480047E65}.Release|Any CPU.Deploy.0 = Release|Any CPU
		{BAE3E99A-FD9F-479A-A30E-D33480047E65}.Release|iPhone.ActiveCfg = Release|Any CPU
		{BAE3E99A-FD9F-479A-A30E-D33480047E65}.Release|iPhone.Build.0 = Release|Any CPU
		{BAE3E99A-FD9F-479A-A30E-D33480047E65}.Release|iPhone.Deploy.0 = Release|Any CPU
		{BAE3E99A-FD9F-479A-A30E-D33480047E65}.Release|iPhoneSimulator.ActiveCfg = Release|Any CPU
		{BAE3E99A-FD9F-479A-A30E-D33480047E65}.Release|iPhoneSimulator.Build.0 = Release|Any CPU
		{BAE3E99A-FD9F-479A-A30E-D33480047E65}.Release|iPhoneSimulator.Deploy.0 = Release|Any CPU
		{30363948-0048-441D-91CC-44E7198AE4B6}.Debug|Any CPU.ActiveCfg = Debug|iPhone
		{30363948-0048-441D-91CC-44E7198AE4B6}.Debug|Any CPU.Build.0 = Debug|iPhone
		{30363948-0048-441D-91CC-44E7198AE4B6}.Debug|Any CPU.Deploy.0 = Debug|iPhone
		{30363948-0048-441D-91CC-44E7198AE4B6}.Debug|iPhone.ActiveCfg = Debug|iPhone
		{30363948-0048-441D-91CC-44E7198AE4B6}.Debug|iPhone.Build.0 = Debug|iPhone
		{30363948-0048-441D-91CC-44E7198AE4B6}.Debug|iPhone.Deploy.0 = Debug|iPhone
		{30363948-0048-441D-91CC-44E7198AE4B6}.Debug|iPhoneSimulator.ActiveCfg = Debug|iPhoneSimulator
		{30363948-0048-441D-91CC-44E7198AE4B6}.Debug|iPhoneSimulator.Build.0 = Debug|iPhoneSimulator
		{30363948-0048-441D-91CC-44E7198AE4B6}.Debug|iPhoneSimulator.Deploy.0 = Debug|iPhoneSimulator
		{30363948-0048-441D-91CC-44E7198AE4B6}.Release|Any CPU.ActiveCfg = Release|iPhoneSimulator
		{30363948-0048-441D-91CC-44E7198AE4B6}.Release|Any CPU.Build.0 = Release|iPhoneSimulator
		{30363948-0048-441D-91CC-44E7198AE4B6}.Release|Any CPU.Deploy.0 = Release|iPhoneSimulator
		{30363948-0048-441D-91CC-44E7198AE4B6}.Release|iPhone.ActiveCfg = Release|iPhone
		{30363948-0048-441D-91CC-44E7198AE4B6}.Release|iPhone.Build.0 = Release|iPhone
		{30363948-0048-441D-91CC-44E7198AE4B6}.Release|iPhone.Deploy.0 = Release|iPhone
		{30363948-0048-441D-91CC-44E7198AE4B6}.Release|iPhoneSimulator.ActiveCfg = Release|iPhoneSimulator
		{30363948-0048-441D-91CC-44E7198AE4B6}.Release|iPhoneSimulator.Build.0 = Release|iPhoneSimulator
		{30363948-0048-441D-91CC-44E7198AE4B6}.Release|iPhoneSimulator.Deploy.0 = Release|iPhoneSimulator
		{B9432CE3-5200-4595-A84B-D202AA354A5E}.Debug|Any CPU.ActiveCfg = Debug|Any CPU
		{B9432CE3-5200-4595-A84B-D202AA354A5E}.Debug|Any CPU.Build.0 = Debug|Any CPU
		{B9432CE3-5200-4595-A84B-D202AA354A5E}.Debug|Any CPU.Deploy.0 = Debug|Any CPU
		{B9432CE3-5200-4595-A84B-D202AA354A5E}.Debug|iPhone.ActiveCfg = Debug|Any CPU
		{B9432CE3-5200-4595-A84B-D202AA354A5E}.Debug|iPhone.Build.0 = Debug|Any CPU
		{B9432CE3-5200-4595-A84B-D202AA354A5E}.Debug|iPhone.Deploy.0 = Debug|Any CPU
		{B9432CE3-5200-4595-A84B-D202AA354A5E}.Debug|iPhoneSimulator.ActiveCfg = Debug|Any CPU
		{B9432CE3-5200-4595-A84B-D202AA354A5E}.Debug|iPhoneSimulator.Build.0 = Debug|Any CPU
		{B9432CE3-5200-4595-A84B-D202AA354A5E}.Debug|iPhoneSimulator.Deploy.0 = Debug|Any CPU
		{B9432CE3-5200-4595-A84B-D202AA354A5E}.Release|Any CPU.ActiveCfg = Release|Any CPU
		{B9432CE3-5200-4595-A84B-D202AA354A5E}.Release|Any CPU.Build.0 = Release|Any CPU
		{B9432CE3-5200-4595-A84B-D202AA354A5E}.Release|Any CPU.Deploy.0 = Release|Any CPU
		{B9432CE3-5200-4595-A84B-D202AA354A5E}.Release|iPhone.ActiveCfg = Release|Any CPU
		{B9432CE3-5200-4595-A84B-D202AA354A5E}.Release|iPhone.Build.0 = Release|Any CPU
		{B9432CE3-5200-4595-A84B-D202AA354A5E}.Release|iPhone.Deploy.0 = Release|Any CPU
		{B9432CE3-5200-4595-A84B-D202AA354A5E}.Release|iPhoneSimulator.ActiveCfg = Release|Any CPU
		{B9432CE3-5200-4595-A84B-D202AA354A5E}.Release|iPhoneSimulator.Build.0 = Release|Any CPU
		{B9432CE3-5200-4595-A84B-D202AA354A5E}.Release|iPhoneSimulator.Deploy.0 = Release|Any CPU
	EndGlobalSection
	GlobalSection(SolutionProperties) = preSolution
		HideSolutionNode = FALSE
	EndGlobalSection
	GlobalSection(ExtensibilityGlobals) = postSolution
		SolutionGuid = {E20D7776-94A4-4C9F-B4AB-5E3C12136FC7}
	EndGlobalSection
EndGlobal
